// !$*UTF8*$!
{
	archiveVersion = 1;
	classes = {
	};
	objectVersion = 77;
	objects = {

/* Begin PBXBuildFile section */
		0F7465EBAC7CE78E99CAB85F /* Pods_RecipesApp_RecipesAppUITests.framework in Frameworks */ = {isa = PBXBuildFile; fileRef = A47C154EA549CAFFCEBBE6D4 /* Pods_RecipesApp_RecipesAppUITests.framework */; };
		7633F0557B01C131D0EB2191 /* Pods_RecipesApp.framework in Frameworks */ = {isa = PBXBuildFile; fileRef = 89B5C6282E3CB7F3CC3EE395 /* Pods_RecipesApp.framework */; };
		D2B5885C99EAAF25A34C7B01 /* Pods_RecipesAppTests.framework in Frameworks */ = {isa = PBXBuildFile; fileRef = D2E3199B31041C1A43BBC8AE /* Pods_RecipesAppTests.framework */; };
/* End PBXBuildFile section */

/* Begin PBXContainerItemProxy section */
		84D6F7032D5B08FE002381AC /* PBXContainerItemProxy */ = {
			isa = PBXContainerItemProxy;
			containerPortal = 84D6F6E42D5B08FD002381AC /* Project object */;
			proxyType = 1;
			remoteGlobalIDString = 84D6F6EB2D5B08FD002381AC;
			remoteInfo = RecipesApp;
		};
		84D6F70D2D5B08FE002381AC /* PBXContainerItemProxy */ = {
			isa = PBXContainerItemProxy;
			containerPortal = 84D6F6E42D5B08FD002381AC /* Project object */;
			proxyType = 1;
			remoteGlobalIDString = 84D6F6EB2D5B08FD002381AC;
			remoteInfo = RecipesApp;
		};
/* End PBXContainerItemProxy section */

/* Begin PBXFileReference section */
		29100D0EC2041FF77DB76941 /* Pods-RecipesApp-RecipesAppUITests.debug.xcconfig */ = {isa = PBXFileReference; includeInIndex = 1; lastKnownFileType = text.xcconfig; name = "Pods-RecipesApp-RecipesAppUITests.debug.xcconfig"; path = "Target Support Files/Pods-RecipesApp-RecipesAppUITests/Pods-RecipesApp-RecipesAppUITests.debug.xcconfig"; sourceTree = "<group>"; };
		2BF7DC3028DAF3A3D9EFBE21 /* Pods-RecipesAppTests.debug.xcconfig */ = {isa = PBXFileReference; includeInIndex = 1; lastKnownFileType = text.xcconfig; name = "Pods-RecipesAppTests.debug.xcconfig"; path = "Target Support Files/Pods-RecipesAppTests/Pods-RecipesAppTests.debug.xcconfig"; sourceTree = "<group>"; };
		5797629CC6A355C154551FA8 /* Pods-RecipesApp.debug.xcconfig */ = {isa = PBXFileReference; includeInIndex = 1; lastKnownFileType = text.xcconfig; name = "Pods-RecipesApp.debug.xcconfig"; path = "Target Support Files/Pods-RecipesApp/Pods-RecipesApp.debug.xcconfig"; sourceTree = "<group>"; };
		84D6F6EC2D5B08FD002381AC /* RecipesApp.app */ = {isa = PBXFileReference; explicitFileType = wrapper.application; includeInIndex = 0; path = RecipesApp.app; sourceTree = BUILT_PRODUCTS_DIR; };
		84D6F7022D5B08FE002381AC /* RecipesAppTests.xctest */ = {isa = PBXFileReference; explicitFileType = wrapper.cfbundle; includeInIndex = 0; path = RecipesAppTests.xctest; sourceTree = BUILT_PRODUCTS_DIR; };
		84D6F70C2D5B08FE002381AC /* RecipesAppUITests.xctest */ = {isa = PBXFileReference; explicitFileType = wrapper.cfbundle; includeInIndex = 0; path = RecipesAppUITests.xctest; sourceTree = BUILT_PRODUCTS_DIR; };
		89B5C6282E3CB7F3CC3EE395 /* Pods_RecipesApp.framework */ = {isa = PBXFileReference; explicitFileType = wrapper.framework; includeInIndex = 0; path = Pods_RecipesApp.framework; sourceTree = BUILT_PRODUCTS_DIR; };
		A0B235974CB89B152D9EFEFC /* Pods-RecipesApp-RecipesAppUITests.release.xcconfig */ = {isa = PBXFileReference; includeInIndex = 1; lastKnownFileType = text.xcconfig; name = "Pods-RecipesApp-RecipesAppUITests.release.xcconfig"; path = "Target Support Files/Pods-RecipesApp-RecipesAppUITests/Pods-RecipesApp-RecipesAppUITests.release.xcconfig"; sourceTree = "<group>"; };
		A47C154EA549CAFFCEBBE6D4 /* Pods_RecipesApp_RecipesAppUITests.framework */ = {isa = PBXFileReference; explicitFileType = wrapper.framework; includeInIndex = 0; path = Pods_RecipesApp_RecipesAppUITests.framework; sourceTree = BUILT_PRODUCTS_DIR; };
		C1C31111C5C15FC1ECCEA538 /* Pods-RecipesAppTests.release.xcconfig */ = {isa = PBXFileReference; includeInIndex = 1; lastKnownFileType = text.xcconfig; name = "Pods-RecipesAppTests.release.xcconfig"; path = "Target Support Files/Pods-RecipesAppTests/Pods-RecipesAppTests.release.xcconfig"; sourceTree = "<group>"; };
		D2E3199B31041C1A43BBC8AE /* Pods_RecipesAppTests.framework */ = {isa = PBXFileReference; explicitFileType = wrapper.framework; includeInIndex = 0; path = Pods_RecipesAppTests.framework; sourceTree = BUILT_PRODUCTS_DIR; };
		E8FB6CE05BD2A6E1CB2BDE0F /* Pods-RecipesApp.release.xcconfig */ = {isa = PBXFileReference; includeInIndex = 1; lastKnownFileType = text.xcconfig; name = "Pods-RecipesApp.release.xcconfig"; path = "Target Support Files/Pods-RecipesApp/Pods-RecipesApp.release.xcconfig"; sourceTree = "<group>"; };
/* End PBXFileReference section */

/* Begin PBXFileSystemSynchronizedBuildFileExceptionSet section */
		84275CAA2D5B2C7D001CBBFF /* Exceptions for "RecipesApp" folder in "RecipesAppTests" target */ = {
			isa = PBXFileSystemSynchronizedBuildFileExceptionSet;
			membershipExceptions = (
				"/Localized: Resources/Localizable.strings",
				"Common/Extensions/UIImageView+Extensions.swift",
				Common/Patterns/Bindable.swift,
				Core/Managers/LocationManager.swift,
				Networking/DTOs/ErrorResponse.swift,
				Networking/DTOs/Recipes/Responses/RecipeResponse.swift,
				Networking/NetworkCore/Endpoint.swift,
				Networking/NetworkCore/NetworkManager.swift,
				Networking/NetworkHelpers/Error/ErrorCode.swift,
				Networking/NetworkHelpers/Error/ErrorTitle.swift,
				Presentation/Detail/View/IngredientCell/IngredientCellView.swift,
				Presentation/Detail/View/IngredientCell/IngredientCellView.xib,
				Presentation/Detail/View/RecipeDetailViewController.storyboard,
				Presentation/Home/View/HomeViewController.storyboard,
				Presentation/Home/View/RecipeCell/RecipeCellView.swift,
				Presentation/Home/View/RecipeCell/RecipeCellView.xib,
				Presentation/Home/ViewModel/HomeViewModel.swift,
				Presentation/Map/View/MapViewController.storyboard,
				Resources/Assets/Colors.xcassets,
				"Resources/Fonts/MuseoSans-300.otf",
				"Resources/Fonts/MuseoSans-500.otf",
				"Resources/Fonts/MuseoSans-700.otf",
				UIComponents/TextFields/CustomTextField/CustomTextField.swift,
				UIComponents/TextFields/CustomTextField/CustomTextField.xib,
			);
			target = 84D6F7012D5B08FE002381AC /* RecipesAppTests */;
		};
		84275CAB2D5B2C7D001CBBFF /* Exceptions for "RecipesApp" folder in "RecipesAppUITests" target */ = {
			isa = PBXFileSystemSynchronizedBuildFileExceptionSet;
			membershipExceptions = (
				"/Localized: Resources/Localizable.strings",
				"Common/Extensions/UIImageView+Extensions.swift",
				Common/Patterns/Bindable.swift,
				Core/Managers/LocationManager.swift,
				Networking/DTOs/ErrorResponse.swift,
				Networking/DTOs/Recipes/Responses/RecipeResponse.swift,
				Networking/NetworkCore/Endpoint.swift,
				Networking/NetworkCore/NetworkManager.swift,
				Networking/NetworkHelpers/Error/ErrorCode.swift,
				Networking/NetworkHelpers/Error/ErrorTitle.swift,
				Presentation/Detail/View/IngredientCell/IngredientCellView.swift,
				Presentation/Detail/View/IngredientCell/IngredientCellView.xib,
				Presentation/Detail/View/RecipeDetailViewController.storyboard,
				Presentation/Home/View/HomeViewController.storyboard,
				Presentation/Home/View/RecipeCell/RecipeCellView.swift,
				Presentation/Home/View/RecipeCell/RecipeCellView.xib,
				Presentation/Home/ViewModel/HomeViewModel.swift,
				Presentation/Map/View/MapViewController.storyboard,
				Resources/Assets/Colors.xcassets,
				"Resources/Fonts/MuseoSans-300.otf",
				"Resources/Fonts/MuseoSans-500.otf",
				"Resources/Fonts/MuseoSans-700.otf",
				UIComponents/TextFields/CustomTextField/CustomTextField.swift,
				UIComponents/TextFields/CustomTextField/CustomTextField.xib,
			);
			target = 84D6F70B2D5B08FE002381AC /* RecipesAppUITests */;
		};
		84D6F7142D5B08FE002381AC /* Exceptions for "RecipesApp" folder in "RecipesApp" target */ = {
			isa = PBXFileSystemSynchronizedBuildFileExceptionSet;
			membershipExceptions = (
				"Supporting Files/Info.plist",
			);
			target = 84D6F6EB2D5B08FD002381AC /* RecipesApp */;
		};
/* End PBXFileSystemSynchronizedBuildFileExceptionSet section */

/* Begin PBXFileSystemSynchronizedRootGroup section */
		84D6F6EE2D5B08FD002381AC /* RecipesApp */ = {
			isa = PBXFileSystemSynchronizedRootGroup;
			exceptions = (
				84D6F7142D5B08FE002381AC /* Exceptions for "RecipesApp" folder in "RecipesApp" target */,
				84275CAA2D5B2C7D001CBBFF /* Exceptions for "RecipesApp" folder in "RecipesAppTests" target */,
				84275CAB2D5B2C7D001CBBFF /* Exceptions for "RecipesApp" folder in "RecipesAppUITests" target */,
			);
			path = RecipesApp;
			sourceTree = "<group>";
		};
		84D6F7052D5B08FE002381AC /* RecipesAppTests */ = {
			isa = PBXFileSystemSynchronizedRootGroup;
			path = RecipesAppTests;
			sourceTree = "<group>";
		};
		84D6F70F2D5B08FE002381AC /* RecipesAppUITests */ = {
			isa = PBXFileSystemSynchronizedRootGroup;
			path = RecipesAppUITests;
			sourceTree = "<group>";
		};
/* End PBXFileSystemSynchronizedRootGroup section */

/* Begin PBXFrameworksBuildPhase section */
		84D6F6E92D5B08FD002381AC /* Frameworks */ = {
			isa = PBXFrameworksBuildPhase;
			buildActionMask = 2147483647;
			files = (
				7633F0557B01C131D0EB2191 /* Pods_RecipesApp.framework in Frameworks */,
			);
			runOnlyForDeploymentPostprocessing = 0;
		};
		84D6F6FF2D5B08FE002381AC /* Frameworks */ = {
			isa = PBXFrameworksBuildPhase;
			buildActionMask = 2147483647;
			files = (
				D2B5885C99EAAF25A34C7B01 /* Pods_RecipesAppTests.framework in Frameworks */,
			);
			runOnlyForDeploymentPostprocessing = 0;
		};
		84D6F7092D5B08FE002381AC /* Frameworks */ = {
			isa = PBXFrameworksBuildPhase;
			buildActionMask = 2147483647;
			files = (
				0F7465EBAC7CE78E99CAB85F /* Pods_RecipesApp_RecipesAppUITests.framework in Frameworks */,
			);
			runOnlyForDeploymentPostprocessing = 0;
		};
/* End PBXFrameworksBuildPhase section */

/* Begin PBXGroup section */
		102F0D1ED74E5F2353CEF2FB /* Frameworks */ = {
			isa = PBXGroup;
			children = (
				89B5C6282E3CB7F3CC3EE395 /* Pods_RecipesApp.framework */,
				A47C154EA549CAFFCEBBE6D4 /* Pods_RecipesApp_RecipesAppUITests.framework */,
				D2E3199B31041C1A43BBC8AE /* Pods_RecipesAppTests.framework */,
			);
			name = Frameworks;
			sourceTree = "<group>";
		};
		84D6F6E32D5B08FD002381AC = {
			isa = PBXGroup;
			children = (
				84D6F6EE2D5B08FD002381AC /* RecipesApp */,
				84D6F7052D5B08FE002381AC /* RecipesAppTests */,
				84D6F70F2D5B08FE002381AC /* RecipesAppUITests */,
				84D6F6ED2D5B08FD002381AC /* Products */,
				F4590B8324A08DACED5B2000 /* Pods */,
				102F0D1ED74E5F2353CEF2FB /* Frameworks */,
			);
			sourceTree = "<group>";
		};
		84D6F6ED2D5B08FD002381AC /* Products */ = {
			isa = PBXGroup;
			children = (
				84D6F6EC2D5B08FD002381AC /* RecipesApp.app */,
				84D6F7022D5B08FE002381AC /* RecipesAppTests.xctest */,
				84D6F70C2D5B08FE002381AC /* RecipesAppUITests.xctest */,
			);
			name = Products;
			sourceTree = "<group>";
		};
		F4590B8324A08DACED5B2000 /* Pods */ = {
			isa = PBXGroup;
			children = (
				5797629CC6A355C154551FA8 /* Pods-RecipesApp.debug.xcconfig */,
				E8FB6CE05BD2A6E1CB2BDE0F /* Pods-RecipesApp.release.xcconfig */,
				29100D0EC2041FF77DB76941 /* Pods-RecipesApp-RecipesAppUITests.debug.xcconfig */,
				A0B235974CB89B152D9EFEFC /* Pods-RecipesApp-RecipesAppUITests.release.xcconfig */,
				2BF7DC3028DAF3A3D9EFBE21 /* Pods-RecipesAppTests.debug.xcconfig */,
				C1C31111C5C15FC1ECCEA538 /* Pods-RecipesAppTests.release.xcconfig */,
			);
			path = Pods;
			sourceTree = "<group>";
		};
/* End PBXGroup section */

/* Begin PBXNativeTarget section */
		84D6F6EB2D5B08FD002381AC /* RecipesApp */ = {
			isa = PBXNativeTarget;
			buildConfigurationList = 84D6F7152D5B08FE002381AC /* Build configuration list for PBXNativeTarget "RecipesApp" */;
			buildPhases = (
				77C1605FA776F7E54D438318 /* [CP] Check Pods Manifest.lock */,
				84D6F6E82D5B08FD002381AC /* Sources */,
				84D6F6E92D5B08FD002381AC /* Frameworks */,
				84D6F6EA2D5B08FD002381AC /* Resources */,
				0711CF54BABDE5E1DA486020 /* [CP] Embed Pods Frameworks */,
			);
			buildRules = (
			);
			dependencies = (
			);
			fileSystemSynchronizedGroups = (
				84D6F6EE2D5B08FD002381AC /* RecipesApp */,
			);
			name = RecipesApp;
			productName = RecipesApp;
			productReference = 84D6F6EC2D5B08FD002381AC /* RecipesApp.app */;
			productType = "com.apple.product-type.application";
		};
		84D6F7012D5B08FE002381AC /* RecipesAppTests */ = {
			isa = PBXNativeTarget;
			buildConfigurationList = 84D6F71A2D5B08FE002381AC /* Build configuration list for PBXNativeTarget "RecipesAppTests" */;
			buildPhases = (
				34D0E5C15A6DDAB6C7912B15 /* [CP] Check Pods Manifest.lock */,
				84D6F6FE2D5B08FE002381AC /* Sources */,
				84D6F6FF2D5B08FE002381AC /* Frameworks */,
				84D6F7002D5B08FE002381AC /* Resources */,
			);
			buildRules = (
			);
			dependencies = (
				84D6F7042D5B08FE002381AC /* PBXTargetDependency */,
			);
			fileSystemSynchronizedGroups = (
				84D6F7052D5B08FE002381AC /* RecipesAppTests */,
			);
			name = RecipesAppTests;
			productName = RecipesAppTests;
			productReference = 84D6F7022D5B08FE002381AC /* RecipesAppTests.xctest */;
			productType = "com.apple.product-type.bundle.unit-test";
		};
		84D6F70B2D5B08FE002381AC /* RecipesAppUITests */ = {
			isa = PBXNativeTarget;
			buildConfigurationList = 84D6F71D2D5B08FE002381AC /* Build configuration list for PBXNativeTarget "RecipesAppUITests" */;
			buildPhases = (
				189E60B9FD882742960672BA /* [CP] Check Pods Manifest.lock */,
				84D6F7082D5B08FE002381AC /* Sources */,
				84D6F7092D5B08FE002381AC /* Frameworks */,
				84D6F70A2D5B08FE002381AC /* Resources */,
				7CD87EBC4E75BEB665F76B7F /* [CP] Embed Pods Frameworks */,
			);
			buildRules = (
			);
			dependencies = (
				84D6F70E2D5B08FE002381AC /* PBXTargetDependency */,
			);
			fileSystemSynchronizedGroups = (
				84D6F70F2D5B08FE002381AC /* RecipesAppUITests */,
			);
			name = RecipesAppUITests;
			productName = RecipesAppUITests;
			productReference = 84D6F70C2D5B08FE002381AC /* RecipesAppUITests.xctest */;
			productType = "com.apple.product-type.bundle.ui-testing";
		};
/* End PBXNativeTarget section */

/* Begin PBXProject section */
		84D6F6E42D5B08FD002381AC /* Project object */ = {
			isa = PBXProject;
			attributes = {
				BuildIndependentTargetsInParallel = 1;
				LastSwiftUpdateCheck = 1620;
				LastUpgradeCheck = 1620;
				TargetAttributes = {
					84D6F6EB2D5B08FD002381AC = {
						CreatedOnToolsVersion = 16.2;
					};
					84D6F7012D5B08FE002381AC = {
						CreatedOnToolsVersion = 16.2;
						TestTargetID = 84D6F6EB2D5B08FD002381AC;
					};
					84D6F70B2D5B08FE002381AC = {
						CreatedOnToolsVersion = 16.2;
						TestTargetID = 84D6F6EB2D5B08FD002381AC;
					};
				};
			};
			buildConfigurationList = 84D6F6E72D5B08FD002381AC /* Build configuration list for PBXProject "RecipesApp" */;
			developmentRegion = en;
			hasScannedForEncodings = 0;
			knownRegions = (
				en,
				Base,
			);
			mainGroup = 84D6F6E32D5B08FD002381AC;
			minimizedProjectReferenceProxies = 1;
			preferredProjectObjectVersion = 77;
			productRefGroup = 84D6F6ED2D5B08FD002381AC /* Products */;
			projectDirPath = "";
			projectRoot = "";
			targets = (
				84D6F6EB2D5B08FD002381AC /* RecipesApp */,
				84D6F7012D5B08FE002381AC /* RecipesAppTests */,
				84D6F70B2D5B08FE002381AC /* RecipesAppUITests */,
			);
		};
/* End PBXProject section */

/* Begin PBXResourcesBuildPhase section */
		84D6F6EA2D5B08FD002381AC /* Resources */ = {
			isa = PBXResourcesBuildPhase;
			buildActionMask = 2147483647;
			files = (
			);
			runOnlyForDeploymentPostprocessing = 0;
		};
		84D6F7002D5B08FE002381AC /* Resources */ = {
			isa = PBXResourcesBuildPhase;
			buildActionMask = 2147483647;
			files = (
			);
			runOnlyForDeploymentPostprocessing = 0;
		};
		84D6F70A2D5B08FE002381AC /* Resources */ = {
			isa = PBXResourcesBuildPhase;
			buildActionMask = 2147483647;
			files = (
			);
			runOnlyForDeploymentPostprocessing = 0;
		};
/* End PBXResourcesBuildPhase section */

/* Begin PBXShellScriptBuildPhase section */
		0711CF54BABDE5E1DA486020 /* [CP] Embed Pods Frameworks */ = {
			isa = PBXShellScriptBuildPhase;
			buildActionMask = 2147483647;
			files = (
			);
			inputFileListPaths = (
				"${PODS_ROOT}/Target Support Files/Pods-RecipesApp/Pods-RecipesApp-frameworks-${CONFIGURATION}-input-files.xcfilelist",
			);
			name = "[CP] Embed Pods Frameworks";
			outputFileListPaths = (
				"${PODS_ROOT}/Target Support Files/Pods-RecipesApp/Pods-RecipesApp-frameworks-${CONFIGURATION}-output-files.xcfilelist",
			);
			runOnlyForDeploymentPostprocessing = 0;
			shellPath = /bin/sh;
			shellScript = "\"${PODS_ROOT}/Target Support Files/Pods-RecipesApp/Pods-RecipesApp-frameworks.sh\"\n";
			showEnvVarsInLog = 0;
		};
		189E60B9FD882742960672BA /* [CP] Check Pods Manifest.lock */ = {
			isa = PBXShellScriptBuildPhase;
			buildActionMask = 2147483647;
			files = (
			);
			inputFileListPaths = (
			);
			inputPaths = (
				"${PODS_PODFILE_DIR_PATH}/Podfile.lock",
				"${PODS_ROOT}/Manifest.lock",
			);
			name = "[CP] Check Pods Manifest.lock";
			outputFileListPaths = (
			);
			outputPaths = (
				"$(DERIVED_FILE_DIR)/Pods-RecipesApp-RecipesAppUITests-checkManifestLockResult.txt",
			);
			runOnlyForDeploymentPostprocessing = 0;
			shellPath = /bin/sh;
			shellScript = "diff \"${PODS_PODFILE_DIR_PATH}/Podfile.lock\" \"${PODS_ROOT}/Manifest.lock\" > /dev/null\nif [ $? != 0 ] ; then\n    # print error to STDERR\n    echo \"error: The sandbox is not in sync with the Podfile.lock. Run 'pod install' or update your CocoaPods installation.\" >&2\n    exit 1\nfi\n# This output is used by Xcode 'outputs' to avoid re-running this script phase.\necho \"SUCCESS\" > \"${SCRIPT_OUTPUT_FILE_0}\"\n";
			showEnvVarsInLog = 0;
		};
		34D0E5C15A6DDAB6C7912B15 /* [CP] Check Pods Manifest.lock */ = {
			isa = PBXShellScriptBuildPhase;
			buildActionMask = 2147483647;
			files = (
			);
			inputFileListPaths = (
			);
			inputPaths = (
				"${PODS_PODFILE_DIR_PATH}/Podfile.lock",
				"${PODS_ROOT}/Manifest.lock",
			);
			name = "[CP] Check Pods Manifest.lock";
			outputFileListPaths = (
			);
			outputPaths = (
				"$(DERIVED_FILE_DIR)/Pods-RecipesAppTests-checkManifestLockResult.txt",
			);
			runOnlyForDeploymentPostprocessing = 0;
			shellPath = /bin/sh;
			shellScript = "diff \"${PODS_PODFILE_DIR_PATH}/Podfile.lock\" \"${PODS_ROOT}/Manifest.lock\" > /dev/null\nif [ $? != 0 ] ; then\n    # print error to STDERR\n    echo \"error: The sandbox is not in sync with the Podfile.lock. Run 'pod install' or update your CocoaPods installation.\" >&2\n    exit 1\nfi\n# This output is used by Xcode 'outputs' to avoid re-running this script phase.\necho \"SUCCESS\" > \"${SCRIPT_OUTPUT_FILE_0}\"\n";
			showEnvVarsInLog = 0;
		};
		77C1605FA776F7E54D438318 /* [CP] Check Pods Manifest.lock */ = {
			isa = PBXShellScriptBuildPhase;
			buildActionMask = 2147483647;
			files = (
			);
			inputFileListPaths = (
			);
			inputPaths = (
				"${PODS_PODFILE_DIR_PATH}/Podfile.lock",
				"${PODS_ROOT}/Manifest.lock",
			);
			name = "[CP] Check Pods Manifest.lock";
			outputFileListPaths = (
			);
			outputPaths = (
				"$(DERIVED_FILE_DIR)/Pods-RecipesApp-checkManifestLockResult.txt",
			);
			runOnlyForDeploymentPostprocessing = 0;
			shellPath = /bin/sh;
			shellScript = "diff \"${PODS_PODFILE_DIR_PATH}/Podfile.lock\" \"${PODS_ROOT}/Manifest.lock\" > /dev/null\nif [ $? != 0 ] ; then\n    # print error to STDERR\n    echo \"error: The sandbox is not in sync with the Podfile.lock. Run 'pod install' or update your CocoaPods installation.\" >&2\n    exit 1\nfi\n# This output is used by Xcode 'outputs' to avoid re-running this script phase.\necho \"SUCCESS\" > \"${SCRIPT_OUTPUT_FILE_0}\"\n";
			showEnvVarsInLog = 0;
		};
		7CD87EBC4E75BEB665F76B7F /* [CP] Embed Pods Frameworks */ = {
			isa = PBXShellScriptBuildPhase;
			buildActionMask = 2147483647;
			files = (
			);
			inputFileListPaths = (
				"${PODS_ROOT}/Target Support Files/Pods-RecipesApp-RecipesAppUITests/Pods-RecipesApp-RecipesAppUITests-frameworks-${CONFIGURATION}-input-files.xcfilelist",
			);
			name = "[CP] Embed Pods Frameworks";
			outputFileListPaths = (
				"${PODS_ROOT}/Target Support Files/Pods-RecipesApp-RecipesAppUITests/Pods-RecipesApp-RecipesAppUITests-frameworks-${CONFIGURATION}-output-files.xcfilelist",
			);
			runOnlyForDeploymentPostprocessing = 0;
			shellPath = /bin/sh;
			shellScript = "\"${PODS_ROOT}/Target Support Files/Pods-RecipesApp-RecipesAppUITests/Pods-RecipesApp-RecipesAppUITests-frameworks.sh\"\n";
			showEnvVarsInLog = 0;
		};
/* End PBXShellScriptBuildPhase section */

/* Begin PBXSourcesBuildPhase section */
		84D6F6E82D5B08FD002381AC /* Sources */ = {
			isa = PBXSourcesBuildPhase;
			buildActionMask = 2147483647;
			files = (
			);
			runOnlyForDeploymentPostprocessing = 0;
		};
		84D6F6FE2D5B08FE002381AC /* Sources */ = {
			isa = PBXSourcesBuildPhase;
			buildActionMask = 2147483647;
			files = (
			);
			runOnlyForDeploymentPostprocessing = 0;
		};
		84D6F7082D5B08FE002381AC /* Sources */ = {
			isa = PBXSourcesBuildPhase;
			buildActionMask = 2147483647;
			files = (
			);
			runOnlyForDeploymentPostprocessing = 0;
		};
/* End PBXSourcesBuildPhase section */

/* Begin PBXTargetDependency section */
		84D6F7042D5B08FE002381AC /* PBXTargetDependency */ = {
			isa = PBXTargetDependency;
			target = 84D6F6EB2D5B08FD002381AC /* RecipesApp */;
			targetProxy = 84D6F7032D5B08FE002381AC /* PBXContainerItemProxy */;
		};
		84D6F70E2D5B08FE002381AC /* PBXTargetDependency */ = {
			isa = PBXTargetDependency;
			target = 84D6F6EB2D5B08FD002381AC /* RecipesApp */;
			targetProxy = 84D6F70D2D5B08FE002381AC /* PBXContainerItemProxy */;
		};
/* End PBXTargetDependency section */

/* Begin XCBuildConfiguration section */
		84D6F7162D5B08FE002381AC /* Debug */ = {
			isa = XCBuildConfiguration;
			baseConfigurationReference = 5797629CC6A355C154551FA8 /* Pods-RecipesApp.debug.xcconfig */;
			buildSettings = {
				ASSETCATALOG_COMPILER_APPICON_NAME = AppIcon;
				ASSETCATALOG_COMPILER_GLOBAL_ACCENT_COLOR_NAME = AccentColor;
				CODE_SIGN_STYLE = Automatic;
				CURRENT_PROJECT_VERSION = 1;
				DEVELOPMENT_TEAM = U5FPQ36H24;
				ENABLE_USER_SCRIPT_SANDBOXING = NO;
				GENERATE_INFOPLIST_FILE = YES;
				INFOPLIST_FILE = "RecipesApp/Supporting Files/Info.plist";
				INFOPLIST_KEY_UIApplicationSupportsIndirectInputEvents = YES;
				INFOPLIST_KEY_UILaunchStoryboardName = LaunchScreen;
				INFOPLIST_KEY_UIRequiresFullScreen = NO;
				INFOPLIST_KEY_UIStatusBarStyle = "";
				INFOPLIST_KEY_UISupportedInterfaceOrientations = UIInterfaceOrientationPortrait;
				INFOPLIST_KEY_UIUserInterfaceStyle = Light;
				IPHONEOS_DEPLOYMENT_TARGET = 15;
				LD_RUNPATH_SEARCH_PATHS = (
					"$(inherited)",
					"@executable_path/Frameworks",
				);
				MARKETING_VERSION = 1.0;
				PRODUCT_BUNDLE_IDENTIFIER = com.challenge.RecipesApp;
				PRODUCT_NAME = "$(TARGET_NAME)";
				SUPPORTED_PLATFORMS = "iphoneos iphonesimulator";
				SUPPORTS_MACCATALYST = NO;
				SUPPORTS_MAC_DESIGNED_FOR_IPHONE_IPAD = NO;
				SUPPORTS_XR_DESIGNED_FOR_IPHONE_IPAD = NO;
				SWIFT_EMIT_LOC_STRINGS = YES;
				SWIFT_VERSION = 5.0;
				TARGETED_DEVICE_FAMILY = "1,2";
			};
			name = Debug;
		};
		84D6F7172D5B08FE002381AC /* Release */ = {
			isa = XCBuildConfiguration;
			baseConfigurationReference = E8FB6CE05BD2A6E1CB2BDE0F /* Pods-RecipesApp.release.xcconfig */;
			buildSettings = {
				ASSETCATALOG_COMPILER_APPICON_NAME = AppIcon;
				ASSETCATALOG_COMPILER_GLOBAL_ACCENT_COLOR_NAME = AccentColor;
				CODE_SIGN_STYLE = Automatic;
				CURRENT_PROJECT_VERSION = 1;
				DEVELOPMENT_TEAM = U5FPQ36H24;
				ENABLE_USER_SCRIPT_SANDBOXING = NO;
				GENERATE_INFOPLIST_FILE = YES;
				INFOPLIST_FILE = "RecipesApp/Supporting Files/Info.plist";
				INFOPLIST_KEY_UIApplicationSupportsIndirectInputEvents = YES;
				INFOPLIST_KEY_UILaunchStoryboardName = LaunchScreen;
				INFOPLIST_KEY_UIRequiresFullScreen = NO;
				INFOPLIST_KEY_UIStatusBarStyle = "";
				INFOPLIST_KEY_UISupportedInterfaceOrientations = UIInterfaceOrientationPortrait;
				INFOPLIST_KEY_UIUserInterfaceStyle = Light;
				IPHONEOS_DEPLOYMENT_TARGET = 15;
				LD_RUNPATH_SEARCH_PATHS = (
					"$(inherited)",
					"@executable_path/Frameworks",
				);
				MARKETING_VERSION = 1.0;
				PRODUCT_BUNDLE_IDENTIFIER = com.challenge.RecipesApp;
				PRODUCT_NAME = "$(TARGET_NAME)";
				SUPPORTED_PLATFORMS = "iphoneos iphonesimulator";
				SUPPORTS_MACCATALYST = NO;
				SUPPORTS_MAC_DESIGNED_FOR_IPHONE_IPAD = NO;
				SUPPORTS_XR_DESIGNED_FOR_IPHONE_IPAD = NO;
				SWIFT_EMIT_LOC_STRINGS = YES;
				SWIFT_VERSION = 5.0;
				TARGETED_DEVICE_FAMILY = "1,2";
			};
			name = Release;
		};
		84D6F7182D5B08FE002381AC /* Debug */ = {
			isa = XCBuildConfiguration;
			buildSettings = {
				ALWAYS_SEARCH_USER_PATHS = NO;
				ASSETCATALOG_COMPILER_GENERATE_SWIFT_ASSET_SYMBOL_EXTENSIONS = YES;
				CLANG_ANALYZER_NONNULL = YES;
				CLANG_ANALYZER_NUMBER_OBJECT_CONVERSION = YES_AGGRESSIVE;
				CLANG_CXX_LANGUAGE_STANDARD = "gnu++20";
				CLANG_ENABLE_MODULES = YES;
				CLANG_ENABLE_OBJC_ARC = YES;
				CLANG_ENABLE_OBJC_WEAK = YES;
				CLANG_WARN_BLOCK_CAPTURE_AUTORELEASING = YES;
				CLANG_WARN_BOOL_CONVERSION = YES;
				CLANG_WARN_COMMA = YES;
				CLANG_WARN_CONSTANT_CONVERSION = YES;
				CLANG_WARN_DEPRECATED_OBJC_IMPLEMENTATIONS = YES;
				CLANG_WARN_DIRECT_OBJC_ISA_USAGE = YES_ERROR;
				CLANG_WARN_DOCUMENTATION_COMMENTS = YES;
				CLANG_WARN_EMPTY_BODY = YES;
				CLANG_WARN_ENUM_CONVERSION = YES;
				CLANG_WARN_INFINITE_RECURSION = YES;
				CLANG_WARN_INT_CONVERSION = YES;
				CLANG_WARN_NON_LITERAL_NULL_CONVERSION = YES;
				CLANG_WARN_OBJC_IMPLICIT_RETAIN_SELF = YES;
				CLANG_WARN_OBJC_LITERAL_CONVERSION = YES;
				CLANG_WARN_OBJC_ROOT_CLASS = YES_ERROR;
				CLANG_WARN_QUOTED_INCLUDE_IN_FRAMEWORK_HEADER = YES;
				CLANG_WARN_RANGE_LOOP_ANALYSIS = YES;
				CLANG_WARN_STRICT_PROTOTYPES = YES;
				CLANG_WARN_SUSPICIOUS_MOVE = YES;
				CLANG_WARN_UNGUARDED_AVAILABILITY = YES_AGGRESSIVE;
				CLANG_WARN_UNREACHABLE_CODE = YES;
				CLANG_WARN__DUPLICATE_METHOD_MATCH = YES;
				COPY_PHASE_STRIP = NO;
				DEBUG_INFORMATION_FORMAT = dwarf;
				ENABLE_STRICT_OBJC_MSGSEND = YES;
				ENABLE_TESTABILITY = YES;
				ENABLE_USER_SCRIPT_SANDBOXING = YES;
				GCC_C_LANGUAGE_STANDARD = gnu17;
				GCC_DYNAMIC_NO_PIC = NO;
				GCC_NO_COMMON_BLOCKS = YES;
				GCC_OPTIMIZATION_LEVEL = 0;
				GCC_PREPROCESSOR_DEFINITIONS = (
					"DEBUG=1",
					"$(inherited)",
				);
				GCC_WARN_64_TO_32_BIT_CONVERSION = YES;
				GCC_WARN_ABOUT_RETURN_TYPE = YES_ERROR;
				GCC_WARN_UNDECLARED_SELECTOR = YES;
				GCC_WARN_UNINITIALIZED_AUTOS = YES_AGGRESSIVE;
				GCC_WARN_UNUSED_FUNCTION = YES;
				GCC_WARN_UNUSED_VARIABLE = YES;
				IPHONEOS_DEPLOYMENT_TARGET = 18.2;
				LOCALIZATION_PREFERS_STRING_CATALOGS = YES;
				MTL_ENABLE_DEBUG_INFO = INCLUDE_SOURCE;
				MTL_FAST_MATH = YES;
				ONLY_ACTIVE_ARCH = YES;
				SDKROOT = iphoneos;
				SWIFT_ACTIVE_COMPILATION_CONDITIONS = "DEBUG $(inherited)";
				SWIFT_OPTIMIZATION_LEVEL = "-Onone";
			};
			name = Debug;
		};
		84D6F7192D5B08FE002381AC /* Release */ = {
			isa = XCBuildConfiguration;
			buildSettings = {
				ALWAYS_SEARCH_USER_PATHS = NO;
				ASSETCATALOG_COMPILER_GENERATE_SWIFT_ASSET_SYMBOL_EXTENSIONS = YES;
				CLANG_ANALYZER_NONNULL = YES;
				CLANG_ANALYZER_NUMBER_OBJECT_CONVERSION = YES_AGGRESSIVE;
				CLANG_CXX_LANGUAGE_STANDARD = "gnu++20";
				CLANG_ENABLE_MODULES = YES;
				CLANG_ENABLE_OBJC_ARC = YES;
				CLANG_ENABLE_OBJC_WEAK = YES;
				CLANG_WARN_BLOCK_CAPTURE_AUTORELEASING = YES;
				CLANG_WARN_BOOL_CONVERSION = YES;
				CLANG_WARN_COMMA = YES;
				CLANG_WARN_CONSTANT_CONVERSION = YES;
				CLANG_WARN_DEPRECATED_OBJC_IMPLEMENTATIONS = YES;
				CLANG_WARN_DIRECT_OBJC_ISA_USAGE = YES_ERROR;
				CLANG_WARN_DOCUMENTATION_COMMENTS = YES;
				CLANG_WARN_EMPTY_BODY = YES;
				CLANG_WARN_ENUM_CONVERSION = YES;
				CLANG_WARN_INFINITE_RECURSION = YES;
				CLANG_WARN_INT_CONVERSION = YES;
				CLANG_WARN_NON_LITERAL_NULL_CONVERSION = YES;
				CLANG_WARN_OBJC_IMPLICIT_RETAIN_SELF = YES;
				CLANG_WARN_OBJC_LITERAL_CONVERSION = YES;
				CLANG_WARN_OBJC_ROOT_CLASS = YES_ERROR;
				CLANG_WARN_QUOTED_INCLUDE_IN_FRAMEWORK_HEADER = YES;
				CLANG_WARN_RANGE_LOOP_ANALYSIS = YES;
				CLANG_WARN_STRICT_PROTOTYPES = YES;
				CLANG_WARN_SUSPICIOUS_MOVE = YES;
				CLANG_WARN_UNGUARDED_AVAILABILITY = YES_AGGRESSIVE;
				CLANG_WARN_UNREACHABLE_CODE = YES;
				CLANG_WARN__DUPLICATE_METHOD_MATCH = YES;
				COPY_PHASE_STRIP = NO;
				DEBUG_INFORMATION_FORMAT = "dwarf-with-dsym";
				ENABLE_NS_ASSERTIONS = NO;
				ENABLE_STRICT_OBJC_MSGSEND = YES;
				ENABLE_USER_SCRIPT_SANDBOXING = YES;
				GCC_C_LANGUAGE_STANDARD = gnu17;
				GCC_NO_COMMON_BLOCKS = YES;
				GCC_WARN_64_TO_32_BIT_CONVERSION = YES;
				GCC_WARN_ABOUT_RETURN_TYPE = YES_ERROR;
				GCC_WARN_UNDECLARED_SELECTOR = YES;
				GCC_WARN_UNINITIALIZED_AUTOS = YES_AGGRESSIVE;
				GCC_WARN_UNUSED_FUNCTION = YES;
				GCC_WARN_UNUSED_VARIABLE = YES;
				IPHONEOS_DEPLOYMENT_TARGET = 18.2;
				LOCALIZATION_PREFERS_STRING_CATALOGS = YES;
				MTL_ENABLE_DEBUG_INFO = NO;
				MTL_FAST_MATH = YES;
				SDKROOT = iphoneos;
				SWIFT_COMPILATION_MODE = wholemodule;
				VALIDATE_PRODUCT = YES;
			};
			name = Release;
		};
		84D6F71B2D5B08FE002381AC /* Debug */ = {
			isa = XCBuildConfiguration;
			baseConfigurationReference = 2BF7DC3028DAF3A3D9EFBE21 /* Pods-RecipesAppTests.debug.xcconfig */;
			buildSettings = {
				BUNDLE_LOADER = "$(TEST_HOST)";
				CODE_SIGN_STYLE = Automatic;
				CURRENT_PROJECT_VERSION = 1;
				GENERATE_INFOPLIST_FILE = YES;
				IPHONEOS_DEPLOYMENT_TARGET = 18.2;
				MARKETING_VERSION = 1.0;
				PRODUCT_BUNDLE_IDENTIFIER = com.challenge.RecipesAppTests;
				PRODUCT_NAME = "$(TARGET_NAME)";
				SWIFT_EMIT_LOC_STRINGS = NO;
				SWIFT_VERSION = 5.0;
				TARGETED_DEVICE_FAMILY = "1,2";
				TEST_HOST = "$(BUILT_PRODUCTS_DIR)/RecipesApp.app/$(BUNDLE_EXECUTABLE_FOLDER_PATH)/RecipesApp";
			};
			name = Debug;
		};
		84D6F71C2D5B08FE002381AC /* Release */ = {
			isa = XCBuildConfiguration;
			baseConfigurationReference = C1C31111C5C15FC1ECCEA538 /* Pods-RecipesAppTests.release.xcconfig */;
			buildSettings = {
				BUNDLE_LOADER = "$(TEST_HOST)";
				CODE_SIGN_STYLE = Automatic;
				CURRENT_PROJECT_VERSION = 1;
				GENERATE_INFOPLIST_FILE = YES;
				IPHONEOS_DEPLOYMENT_TARGET = 18.2;
				MARKETING_VERSION = 1.0;
				PRODUCT_BUNDLE_IDENTIFIER = com.challenge.RecipesAppTests;
				PRODUCT_NAME = "$(TARGET_NAME)";
				SWIFT_EMIT_LOC_STRINGS = NO;
				SWIFT_VERSION = 5.0;
				TARGETED_DEVICE_FAMILY = "1,2";
				TEST_HOST = "$(BUILT_PRODUCTS_DIR)/RecipesApp.app/$(BUNDLE_EXECUTABLE_FOLDER_PATH)/RecipesApp";
			};
			name = Release;
		};
		84D6F71E2D5B08FE002381AC /* Debug */ = {
			isa = XCBuildConfiguration;
			baseConfigurationReference = 29100D0EC2041FF77DB76941 /* Pods-RecipesApp-RecipesAppUITests.debug.xcconfig */;
			buildSettings = {
				CODE_SIGN_STYLE = Automatic;
				CURRENT_PROJECT_VERSION = 1;
				GENERATE_INFOPLIST_FILE = YES;
				MARKETING_VERSION = 1.0;
				PRODUCT_BUNDLE_IDENTIFIER = com.challenge.RecipesAppUITests;
				PRODUCT_NAME = "$(TARGET_NAME)";
				SWIFT_EMIT_LOC_STRINGS = NO;
				SWIFT_VERSION = 5.0;
				TARGETED_DEVICE_FAMILY = "1,2";
				TEST_TARGET_NAME = RecipesApp;
			};
			name = Debug;
		};
		84D6F71F2D5B08FE002381AC /* Release */ = {
			isa = XCBuildConfiguration;
			baseConfigurationReference = A0B235974CB89B152D9EFEFC /* Pods-RecipesApp-RecipesAppUITests.release.xcconfig */;
			buildSettings = {
				CODE_SIGN_STYLE = Automatic;
				CURRENT_PROJECT_VERSION = 1;
				GENERATE_INFOPLIST_FILE = YES;
				MARKETING_VERSION = 1.0;
				PRODUCT_BUNDLE_IDENTIFIER = com.challenge.RecipesAppUITests;
				PRODUCT_NAME = "$(TARGET_NAME)";
				SWIFT_EMIT_LOC_STRINGS = NO;
				SWIFT_VERSION = 5.0;
				TARGETED_DEVICE_FAMILY = "1,2";
				TEST_TARGET_NAME = RecipesApp;
			};
			name = Release;
		};
/* End XCBuildConfiguration section */

/* Begin XCConfigurationList section */
		84D6F6E72D5B08FD002381AC /* Build configuration list for PBXProject "RecipesApp" */ = {
			isa = XCConfigurationList;
			buildConfigurations = (
				84D6F7182D5B08FE002381AC /* Debug */,
				84D6F7192D5B08FE002381AC /* Release */,
			);
			defaultConfigurationIsVisible = 0;
			defaultConfigurationName = Release;
		};
		84D6F7152D5B08FE002381AC /* Build configuration list for PBXNativeTarget "RecipesApp" */ = {
			isa = XCConfigurationList;
			buildConfigurations = (
				84D6F7162D5B08FE002381AC /* Debug */,
				84D6F7172D5B08FE002381AC /* Release */,
			);
			defaultConfigurationIsVisible = 0;
			defaultConfigurationName = Release;
		};
		84D6F71A2D5B08FE002381AC /* Build configuration list for PBXNativeTarget "RecipesAppTests" */ = {
			isa = XCConfigurationList;
			buildConfigurations = (
				84D6F71B2D5B08FE002381AC /* Debug */,
				84D6F71C2D5B08FE002381AC /* Release */,
			);
			defaultConfigurationIsVisible = 0;
			defaultConfigurationName = Release;
		};
		84D6F71D2D5B08FE002381AC /* Build configuration list for PBXNativeTarget "RecipesAppUITests" */ = {
			isa = XCConfigurationList;
			buildConfigurations = (
				84D6F71E2D5B08FE002381AC /* Debug */,
				84D6F71F2D5B08FE002381AC /* Release */,
			);
			defaultConfigurationIsVisible = 0;
			defaultConfigurationName = Release;
		};
/* End XCConfigurationList section */
	};
	rootObject = 84D6F6E42D5B08FD002381AC /* Project object */;
}
